// !$*UTF8*$!
{
	archiveVersion = 1;
	classes = {
	};
	objectVersion = 55;
	objects = {

/* Begin PBXBuildFile section */
		FCB1298B28CB349200687C34 /* swift_practiceApp.swift in Sources */ = {isa = PBXBuildFile; fileRef = FCB1298A28CB349200687C34 /* swift_practiceApp.swift */; };
		FCB1298D28CB349200687C34 /* ContentView.swift in Sources */ = {isa = PBXBuildFile; fileRef = FCB1298C28CB349200687C34 /* ContentView.swift */; };
		FCB1298F28CB349700687C34 /* Assets.xcassets in Resources */ = {isa = PBXBuildFile; fileRef = FCB1298E28CB349700687C34 /* Assets.xcassets */; };
		FCB1299228CB349700687C34 /* Preview Assets.xcassets in Resources */ = {isa = PBXBuildFile; fileRef = FCB1299128CB349700687C34 /* Preview Assets.xcassets */; };
		FCB1299C28CB349700687C34 /* swift_practiceTests.swift in Sources */ = {isa = PBXBuildFile; fileRef = FCB1299B28CB349700687C34 /* swift_practiceTests.swift */; };
		FCB129A628CB349700687C34 /* swift_practiceUITests.swift in Sources */ = {isa = PBXBuildFile; fileRef = FCB129A528CB349700687C34 /* swift_practiceUITests.swift */; };
		FCB129A828CB349700687C34 /* swift_practiceUITestsLaunchTests.swift in Sources */ = {isa = PBXBuildFile; fileRef = FCB129A728CB349700687C34 /* swift_practiceUITestsLaunchTests.swift */; };
/* End PBXBuildFile section */

/* Begin PBXContainerItemProxy section */
		FCB1299828CB349700687C34 /* PBXContainerItemProxy */ = {
			isa = PBXContainerItemProxy;
			containerPortal = FCB1297F28CB349200687C34 /* Project object */;
			proxyType = 1;
			remoteGlobalIDString = FCB1298628CB349200687C34;
			remoteInfo = "swift-practice";
		};
		FCB129A228CB349700687C34 /* PBXContainerItemProxy */ = {
			isa = PBXContainerItemProxy;
			containerPortal = FCB1297F28CB349200687C34 /* Project object */;
			proxyType = 1;
			remoteGlobalIDString = FCB1298628CB349200687C34;
			remoteInfo = "swift-practice";
		};
/* End PBXContainerItemProxy section */

/* Begin PBXFileReference section */
		FCB1298728CB349200687C34 /* swift-practice.app */ = {isa = PBXFileReference; explicitFileType = wrapper.application; includeInIndex = 0; path = "swift-practice.app"; sourceTree = BUILT_PRODUCTS_DIR; };
		FCB1298A28CB349200687C34 /* swift_practiceApp.swift */ = {isa = PBXFileReference; lastKnownFileType = sourcecode.swift; path = swift_practiceApp.swift; sourceTree = "<group>"; };
		FCB1298C28CB349200687C34 /* ContentView.swift */ = {isa = PBXFileReference; lastKnownFileType = sourcecode.swift; path = ContentView.swift; sourceTree = "<group>"; };
		FCB1298E28CB349700687C34 /* Assets.xcassets */ = {isa = PBXFileReference; lastKnownFileType = folder.assetcatalog; path = Assets.xcassets; sourceTree = "<group>"; };
		FCB1299128CB349700687C34 /* Preview Assets.xcassets */ = {isa = PBXFileReference; lastKnownFileType = folder.assetcatalog; path = "Preview Assets.xcassets"; sourceTree = "<group>"; };
		FCB1299728CB349700687C34 /* swift-practiceTests.xctest */ = {isa = PBXFileReference; explicitFileType = wrapper.cfbundle; includeInIndex = 0; path = "swift-practiceTests.xctest"; sourceTree = BUILT_PRODUCTS_DIR; };
		FCB1299B28CB349700687C34 /* swift_practiceTests.swift */ = {isa = PBXFileReference; lastKnownFileType = sourcecode.swift; path = swift_practiceTests.swift; sourceTree = "<group>"; };
		FCB129A128CB349700687C34 /* swift-practiceUITests.xctest */ = {isa = PBXFileReference; explicitFileType = wrapper.cfbundle; includeInIndex = 0; path = "swift-practiceUITests.xctest"; sourceTree = BUILT_PRODUCTS_DIR; };
		FCB129A528CB349700687C34 /* swift_practiceUITests.swift */ = {isa = PBXFileReference; lastKnownFileType = sourcecode.swift; path = swift_practiceUITests.swift; sourceTree = "<group>"; };
		FCB129A728CB349700687C34 /* swift_practiceUITestsLaunchTests.swift */ = {isa = PBXFileReference; lastKnownFileType = sourcecode.swift; path = swift_practiceUITestsLaunchTests.swift; sourceTree = "<group>"; };
/* End PBXFileReference section */

/* Begin PBXFrameworksBuildPhase section */
		FCB1298428CB349200687C34 /* Frameworks */ = {
			isa = PBXFrameworksBuildPhase;
			buildActionMask = 2147483647;
			files = (
			);
			runOnlyForDeploymentPostprocessing = 0;
		};
		FCB1299428CB349700687C34 /* Frameworks */ = {
			isa = PBXFrameworksBuildPhase;
			buildActionMask = 2147483647;
			files = (
			);
			runOnlyForDeploymentPostprocessing = 0;
		};
		FCB1299E28CB349700687C34 /* Frameworks */ = {
			isa = PBXFrameworksBuildPhase;
			buildActionMask = 2147483647;
			files = (
			);
			runOnlyForDeploymentPostprocessing = 0;
		};
/* End PBXFrameworksBuildPhase section */

/* Begin PBXGroup section */
		FCB1297E28CB349200687C34 = {
			isa = PBXGroup;
			children = (
				FCB1298928CB349200687C34 /* swift-practice */,
				FCB1299A28CB349700687C34 /* swift-practiceTests */,
				FCB129A428CB349700687C34 /* swift-practiceUITests */,
				FCB1298828CB349200687C34 /* Products */,
			);
			sourceTree = "<group>";
		};
		FCB1298828CB349200687C34 /* Products */ = {
			isa = PBXGroup;
			children = (
				FCB1298728CB349200687C34 /* swift-practice.app */,
				FCB1299728CB349700687C34 /* swift-practiceTests.xctest */,
				FCB129A128CB349700687C34 /* swift-practiceUITests.xctest */,
			);
			name = Products;
			sourceTree = "<group>";
		};
		FCB1298928CB349200687C34 /* swift-practice */ = {
			isa = PBXGroup;
			children = (
				FCB1298A28CB349200687C34 /* swift_practiceApp.swift */,
				FCB1298C28CB349200687C34 /* ContentView.swift */,
				FCB1298E28CB349700687C34 /* Assets.xcassets */,
				FCB1299028CB349700687C34 /* Preview Content */,
			);
			path = "swift-practice";
			sourceTree = "<group>";
		};
		FCB1299028CB349700687C34 /* Preview Content */ = {
			isa = PBXGroup;
			children = (
				FCB1299128CB349700687C34 /* Preview Assets.xcassets */,
			);
			path = "Preview Content";
			sourceTree = "<group>";
		};
		FCB1299A28CB349700687C34 /* swift-practiceTests */ = {
			isa = PBXGroup;
			children = (
				FCB1299B28CB349700687C34 /* swift_practiceTests.swift */,
			);
			path = "swift-practiceTests";
			sourceTree = "<group>";
		};
		FCB129A428CB349700687C34 /* swift-practiceUITests */ = {
			isa = PBXGroup;
			children = (
				FCB129A528CB349700687C34 /* swift_practiceUITests.swift */,
				FCB129A728CB349700687C34 /* swift_practiceUITestsLaunchTests.swift */,
			);
			path = "swift-practiceUITests";
			sourceTree = "<group>";
		};
/* End PBXGroup section */

/* Begin PBXNativeTarget section */
		FCB1298628CB349200687C34 /* swift-practice */ = {
			isa = PBXNativeTarget;
			buildConfigurationList = FCB129AB28CB349700687C34 /* Build configuration list for PBXNativeTarget "swift-practice" */;
			buildPhases = (
				FCB1298328CB349200687C34 /* Sources */,
				FCB1298428CB349200687C34 /* Frameworks */,
				FCB1298528CB349200687C34 /* Resources */,
			);
			buildRules = (
			);
			dependencies = (
			);
			name = "swift-practice";
			productName = "swift-practice";
			productReference = FCB1298728CB349200687C34 /* swift-practice.app */;
			productType = "com.apple.product-type.application";
		};
		FCB1299628CB349700687C34 /* swift-practiceTests */ = {
			isa = PBXNativeTarget;
			buildConfigurationList = FCB129AE28CB349700687C34 /* Build configuration list for PBXNativeTarget "swift-practiceTests" */;
			buildPhases = (
				FCB1299328CB349700687C34 /* Sources */,
				FCB1299428CB349700687C34 /* Frameworks */,
				FCB1299528CB349700687C34 /* Resources */,
			);
			buildRules = (
			);
			dependencies = (
				FCB1299928CB349700687C34 /* PBXTargetDependency */,
			);
			name = "swift-practiceTests";
			productName = "swift-practiceTests";
			productReference = FCB1299728CB349700687C34 /* swift-practiceTests.xctest */;
			productType = "com.apple.product-type.bundle.unit-test";
		};
		FCB129A028CB349700687C34 /* swift-practiceUITests */ = {
			isa = PBXNativeTarget;
			buildConfigurationList = FCB129B128CB349700687C34 /* Build configuration list for PBXNativeTarget "swift-practiceUITests" */;
			buildPhases = (
				FCB1299D28CB349700687C34 /* Sources */,
				FCB1299E28CB349700687C34 /* Frameworks */,
				FCB1299F28CB349700687C34 /* Resources */,
			);
			buildRules = (
			);
			dependencies = (
				FCB129A328CB349700687C34 /* PBXTargetDependency */,
			);
			name = "swift-practiceUITests";
			productName = "swift-practiceUITests";
			productReference = FCB129A128CB349700687C34 /* swift-practiceUITests.xctest */;
			productType = "com.apple.product-type.bundle.ui-testing";
		};
/* End PBXNativeTarget section */

/* Begin PBXProject section */
		FCB1297F28CB349200687C34 /* Project object */ = {
			isa = PBXProject;
			attributes = {
				BuildIndependentTargetsInParallel = 1;
				LastSwiftUpdateCheck = 1340;
				LastUpgradeCheck = 1340;
				TargetAttributes = {
					FCB1298628CB349200687C34 = {
						CreatedOnToolsVersion = 13.4.1;
					};
					FCB1299628CB349700687C34 = {
						CreatedOnToolsVersion = 13.4.1;
						TestTargetID = FCB1298628CB349200687C34;
					};
					FCB129A028CB349700687C34 = {
						CreatedOnToolsVersion = 13.4.1;
						TestTargetID = FCB1298628CB349200687C34;
					};
				};
			};
			buildConfigurationList = FCB1298228CB349200687C34 /* Build configuration list for PBXProject "swift-practice" */;
			compatibilityVersion = "Xcode 13.0";
			developmentRegion = en;
			hasScannedForEncodings = 0;
			knownRegions = (
				en,
				Base,
			);
			mainGroup = FCB1297E28CB349200687C34;
			productRefGroup = FCB1298828CB349200687C34 /* Products */;
			projectDirPath = "";
			projectRoot = "";
			targets = (
				FCB1298628CB349200687C34 /* swift-practice */,
				FCB1299628CB349700687C34 /* swift-practiceTests */,
				FCB129A028CB349700687C34 /* swift-practiceUITests */,
			);
		};
/* End PBXProject section */

/* Begin PBXResourcesBuildPhase section */
		FCB1298528CB349200687C34 /* Resources */ = {
			isa = PBXResourcesBuildPhase;
			buildActionMask = 2147483647;
			files = (
				FCB1299228CB349700687C34 /* Preview Assets.xcassets in Resources */,
				FCB1298F28CB349700687C34 /* Assets.xcassets in Resources */,
			);
			runOnlyForDeploymentPostprocessing = 0;
		};
		FCB1299528CB349700687C34 /* Resources */ = {
			isa = PBXResourcesBuildPhase;
			buildActionMask = 2147483647;
			files = (
			);
			runOnlyForDeploymentPostprocessing = 0;
		};
		FCB1299F28CB349700687C34 /* Resources */ = {
			isa = PBXResourcesBuildPhase;
			buildActionMask = 2147483647;
			files = (
			);
			runOnlyForDeploymentPostprocessing = 0;
		};
/* End PBXResourcesBuildPhase section */

/* Begin PBXSourcesBuildPhase section */
		FCB1298328CB349200687C34 /* Sources */ = {
			isa = PBXSourcesBuildPhase;
			buildActionMask = 2147483647;
			files = (
				FCB1298D28CB349200687C34 /* ContentView.swift in Sources */,
				FCB1298B28CB349200687C34 /* swift_practiceApp.swift in Sources */,
			);
			runOnlyForDeploymentPostprocessing = 0;
		};
		FCB1299328CB349700687C34 /* Sources */ = {
			isa = PBXSourcesBuildPhase;
			buildActionMask = 2147483647;
			files = (
				FCB1299C28CB349700687C34 /* swift_practiceTests.swift in Sources */,
			);
			runOnlyForDeploymentPostprocessing = 0;
		};
		FCB1299D28CB349700687C34 /* Sources */ = {
			isa = PBXSourcesBuildPhase;
			buildActionMask = 2147483647;
			files = (
				FCB129A628CB349700687C34 /* swift_practiceUITests.swift in Sources */,
				FCB129A828CB349700687C34 /* swift_practiceUITestsLaunchTests.swift in Sources */,
			);
			runOnlyForDeploymentPostprocessing = 0;
		};
/* End PBXSourcesBuildPhase section */

/* Begin PBXTargetDependency section */
		FCB1299928CB349700687C34 /* PBXTargetDependency */ = {
			isa = PBXTargetDependency;
			target = FCB1298628CB349200687C34 /* swift-practice */;
			targetProxy = FCB1299828CB349700687C34 /* PBXContainerItemProxy */;
		};
		FCB129A328CB349700687C34 /* PBXTargetDependency */ = {
			isa = PBXTargetDependency;
			target = FCB1298628CB349200687C34 /* swift-practice */;
			targetProxy = FCB129A228CB349700687C34 /* PBXContainerItemProxy */;
		};
/* End PBXTargetDependency section */

/* Begin XCBuildConfiguration section */
		FCB129A928CB349700687C34 /* Debug */ = {
			isa = XCBuildConfiguration;
			buildSettings = {
				ALWAYS_SEARCH_USER_PATHS = NO;
				CLANG_ANALYZER_NONNULL = YES;
				CLANG_ANALYZER_NUMBER_OBJECT_CONVERSION = YES_AGGRESSIVE;
				CLANG_CXX_LANGUAGE_STANDARD = "gnu++17";
				CLANG_ENABLE_MODULES = YES;
				CLANG_ENABLE_OBJC_ARC = YES;
				CLANG_ENABLE_OBJC_WEAK = YES;
				CLANG_WARN_BLOCK_CAPTURE_AUTORELEASING = YES;
				CLANG_WARN_BOOL_CONVERSION = YES;
				CLANG_WARN_COMMA = YES;
				CLANG_WARN_CONSTANT_CONVERSION = YES;
				CLANG_WARN_DEPRECATED_OBJC_IMPLEMENTATIONS = YES;
				CLANG_WARN_DIRECT_OBJC_ISA_USAGE = YES_ERROR;
				CLANG_WARN_DOCUMENTATION_COMMENTS = YES;
				CLANG_WARN_EMPTY_BODY = YES;
				CLANG_WARN_ENUM_CONVERSION = YES;
				CLANG_WARN_INFINITE_RECURSION = YES;
				CLANG_WARN_INT_CONVERSION = YES;
				CLANG_WARN_NON_LITERAL_NULL_CONVERSION = YES;
				CLANG_WARN_OBJC_IMPLICIT_RETAIN_SELF = YES;
				CLANG_WARN_OBJC_LITERAL_CONVERSION = YES;
				CLANG_WARN_OBJC_ROOT_CLASS = YES_ERROR;
				CLANG_WARN_QUOTED_INCLUDE_IN_FRAMEWORK_HEADER = YES;
				CLANG_WARN_RANGE_LOOP_ANALYSIS = YES;
				CLANG_WARN_STRICT_PROTOTYPES = YES;
				CLANG_WARN_SUSPICIOUS_MOVE = YES;
				CLANG_WARN_UNGUARDED_AVAILABILITY = YES_AGGRESSIVE;
				CLANG_WARN_UNREACHABLE_CODE = YES;
				CLANG_WARN__DUPLICATE_METHOD_MATCH = YES;
				COPY_PHASE_STRIP = NO;
				DEBUG_INFORMATION_FORMAT = dwarf;
				ENABLE_STRICT_OBJC_MSGSEND = YES;
				ENABLE_TESTABILITY = YES;
				GCC_C_LANGUAGE_STANDARD = gnu11;
				GCC_DYNAMIC_NO_PIC = NO;
				GCC_NO_COMMON_BLOCKS = YES;
				GCC_OPTIMIZATION_LEVEL = 0;
				GCC_PREPROCESSOR_DEFINITIONS = (
					"DEBUG=1",
					"$(inherited)",
				);
				GCC_WARN_64_TO_32_BIT_CONVERSION = YES;
				GCC_WARN_ABOUT_RETURN_TYPE = YES_ERROR;
				GCC_WARN_UNDECLARED_SELECTOR = YES;
				GCC_WARN_UNINITIALIZED_AUTOS = YES_AGGRESSIVE;
				GCC_WARN_UNUSED_FUNCTION = YES;
				GCC_WARN_UNUSED_VARIABLE = YES;
				IPHONEOS_DEPLOYMENT_TARGET = 15.5;
				MTL_ENABLE_DEBUG_INFO = INCLUDE_SOURCE;
				MTL_FAST_MATH = YES;
				ONLY_ACTIVE_ARCH = YES;
				SDKROOT = iphoneos;
				SWIFT_ACTIVE_COMPILATION_CONDITIONS = DEBUG;
				SWIFT_OPTIMIZATION_LEVEL = "-Onone";
			};
			name = Debug;
		};
		FCB129AA28CB349700687C34 /* Release */ = {
			isa = XCBuildConfiguration;
			buildSettings = {
				ALWAYS_SEARCH_USER_PATHS = NO;
				CLANG_ANALYZER_NONNULL = YES;
				CLANG_ANALYZER_NUMBER_OBJECT_CONVERSION = YES_AGGRESSIVE;
				CLANG_CXX_LANGUAGE_STANDARD = "gnu++17";
				CLANG_ENABLE_MODULES = YES;
				CLANG_ENABLE_OBJC_ARC = YES;
				CLANG_ENABLE_OBJC_WEAK = YES;
				CLANG_WARN_BLOCK_CAPTURE_AUTORELEASING = YES;
				CLANG_WARN_BOOL_CONVERSION = YES;
				CLANG_WARN_COMMA = YES;
				CLANG_WARN_CONSTANT_CONVERSION = YES;
				CLANG_WARN_DEPRECATED_OBJC_IMPLEMENTATIONS = YES;
				CLANG_WARN_DIRECT_OBJC_ISA_USAGE = YES_ERROR;
				CLANG_WARN_DOCUMENTATION_COMMENTS = YES;
				CLANG_WARN_EMPTY_BODY = YES;
				CLANG_WARN_ENUM_CONVERSION = YES;
				CLANG_WARN_INFINITE_RECURSION = YES;
				CLANG_WARN_INT_CONVERSION = YES;
				CLANG_WARN_NON_LITERAL_NULL_CONVERSION = YES;
				CLANG_WARN_OBJC_IMPLICIT_RETAIN_SELF = YES;
				CLANG_WARN_OBJC_LITERAL_CONVERSION = YES;
				CLANG_WARN_OBJC_ROOT_CLASS = YES_ERROR;
				CLANG_WARN_QUOTED_INCLUDE_IN_FRAMEWORK_HEADER = YES;
				CLANG_WARN_RANGE_LOOP_ANALYSIS = YES;
				CLANG_WARN_STRICT_PROTOTYPES = YES;
				CLANG_WARN_SUSPICIOUS_MOVE = YES;
				CLANG_WARN_UNGUARDED_AVAILABILITY = YES_AGGRESSIVE;
				CLANG_WARN_UNREACHABLE_CODE = YES;
				CLANG_WARN__DUPLICATE_METHOD_MATCH = YES;
				COPY_PHASE_STRIP = NO;
				DEBUG_INFORMATION_FORMAT = "dwarf-with-dsym";
				ENABLE_NS_ASSERTIONS = NO;
				ENABLE_STRICT_OBJC_MSGSEND = YES;
				GCC_C_LANGUAGE_STANDARD = gnu11;
				GCC_NO_COMMON_BLOCKS = YES;
				GCC_WARN_64_TO_32_BIT_CONVERSION = YES;
				GCC_WARN_ABOUT_RETURN_TYPE = YES_ERROR;
				GCC_WARN_UNDECLARED_SELECTOR = YES;
				GCC_WARN_UNINITIALIZED_AUTOS = YES_AGGRESSIVE;
				GCC_WARN_UNUSED_FUNCTION = YES;
				GCC_WARN_UNUSED_VARIABLE = YES;
				IPHONEOS_DEPLOYMENT_TARGET = 15.5;
				MTL_ENABLE_DEBUG_INFO = NO;
				MTL_FAST_MATH = YES;
				SDKROOT = iphoneos;
				SWIFT_COMPILATION_MODE = wholemodule;
				SWIFT_OPTIMIZATION_LEVEL = "-O";
				VALIDATE_PRODUCT = YES;
			};
			name = Release;
		};
		FCB129AC28CB349700687C34 /* Debug */ = {
			isa = XCBuildConfiguration;
			buildSettings = {
				ASSETCATALOG_COMPILER_APPICON_NAME = AppIcon;
				ASSETCATALOG_COMPILER_GLOBAL_ACCENT_COLOR_NAME = AccentColor;
				CODE_SIGN_STYLE = Automatic;
				CURRENT_PROJECT_VERSION = 1;
				DEVELOPMENT_ASSET_PATHS = "\"swift-practice/Preview Content\"";
				DEVELOPMENT_TEAM = 4FXHSZT3GL;
				ENABLE_PREVIEWS = YES;
				GENERATE_INFOPLIST_FILE = YES;
				INFOPLIST_KEY_UIApplicationSceneManifest_Generation = YES;
				INFOPLIST_KEY_UIApplicationSupportsIndirectInputEvents = YES;
				INFOPLIST_KEY_UILaunchScreen_Generation = YES;
				INFOPLIST_KEY_UISupportedInterfaceOrientations_iPad = "UIInterfaceOrientationPortrait UIInterfaceOrientationPortraitUpsideDown UIInterfaceOrientationLandscapeLeft UIInterfaceOrientationLandscapeRight";
				INFOPLIST_KEY_UISupportedInterfaceOrientations_iPhone = "UIInterfaceOrientationPortrait UIInterfaceOrientationLandscapeLeft UIInterfaceOrientationLandscapeRight";
				LD_RUNPATH_SEARCH_PATHS = (
					"$(inherited)",
					"@executable_path/Frameworks",
				);
				MARKETING_VERSION = 1.0;
				PRODUCT_BUNDLE_IDENTIFIER = "com.keyboard3.swift-practice";
				PRODUCT_NAME = "$(TARGET_NAME)";
				SWIFT_EMIT_LOC_STRINGS = YES;
				SWIFT_VERSION = 5.0;
				TARGETED_DEVICE_FAMILY = "1,2";
			};
			name = Debug;
		};
		FCB129AD28CB349700687C34 /* Release */ = {
			isa = XCBuildConfiguration;
			buildSettings = {
				ASSETCATALOG_COMPILER_APPICON_NAME = AppIcon;
				ASSETCATALOG_COMPILER_GLOBAL_ACCENT_COLOR_NAME = AccentColor;
				CODE_SIGN_STYLE = Automatic;
				CURRENT_PROJECT_VERSION = 1;
				DEVELOPMENT_ASSET_PATHS = "\"swift-practice/Preview Content\"";
				DEVELOPMENT_TEAM = 4FXHSZT3GL;
				ENABLE_PREVIEWS = YES;
				GENERATE_INFOPLIST_FILE = YES;
				INFOPLIST_KEY_UIApplicationSceneManifest_Generation = YES;
				INFOPLIST_KEY_UIApplicationSupportsIndirectInputEvents = YES;
				INFOPLIST_KEY_UILaunchScreen_Generation = YES;
				INFOPLIST_KEY_UISupportedInterfaceOrientations_iPad = "UIInterfaceOrientationPortrait UIInterfaceOrientationPortraitUpsideDown UIInterfaceOrientationLandscapeLeft UIInterfaceOrientationLandscapeRight";
				INFOPLIST_KEY_UISupportedInterfaceOrientations_iPhone = "UIInterfaceOrientationPortrait UIInterfaceOrientationLandscapeLeft UIInterfaceOrientationLandscapeRight";
				LD_RUNPATH_SEARCH_PATHS = (
					"$(inherited)",
					"@executable_path/Frameworks",
				);
				MARKETING_VERSION = 1.0;
				PRODUCT_BUNDLE_IDENTIFIER = "com.keyboard3.swift-practice";
				PRODUCT_NAME = "$(TARGET_NAME)";
				SWIFT_EMIT_LOC_STRINGS = YES;
				SWIFT_VERSION = 5.0;
				TARGETED_DEVICE_FAMILY = "1,2";
			};
			name = Release;
		};
		FCB129AF28CB349700687C34 /* Debug */ = {
			isa = XCBuildConfiguration;
			buildSettings = {
				ALWAYS_EMBED_SWIFT_STANDARD_LIBRARIES = YES;
				BUNDLE_LOADER = "$(TEST_HOST)";
				CODE_SIGN_STYLE = Automatic;
				CURRENT_PROJECT_VERSION = 1;
				DEVELOPMENT_TEAM = 4FXHSZT3GL;
				GENERATE_INFOPLIST_FILE = YES;
				IPHONEOS_DEPLOYMENT_TARGET = 15.5;
				MARKETING_VERSION = 1.0;
				PRODUCT_BUNDLE_IDENTIFIER = "com.keyboard3.swift-practiceTests";
				PRODUCT_NAME = "$(TARGET_NAME)";
				SWIFT_EMIT_LOC_STRINGS = NO;
				SWIFT_VERSION = 5.0;
				TARGETED_DEVICE_FAMILY = "1,2";
				TEST_HOST = "$(BUILT_PRODUCTS_DIR)/swift-practice.app/swift-practice";
			};
			name = Debug;
		};
		FCB129B028CB349700687C34 /* Release */ = {
			isa = XCBuildConfiguration;
			buildSettings = {
				ALWAYS_EMBED_SWIFT_STANDARD_LIBRARIES = YES;
				BUNDLE_LOADER = "$(TEST_HOST)";
				CODE_SIGN_STYLE = Automatic;
				CURRENT_PROJECT_VERSION = 1;
				DEVELOPMENT_TEAM = 4FXHSZT3GL;
				GENERATE_INFOPLIST_FILE = YES;
				IPHONEOS_DEPLOYMENT_TARGET = 15.5;
				MARKETING_VERSION = 1.0;
				PRODUCT_BUNDLE_IDENTIFIER = "com.keyboard3.swift-practiceTests";
				PRODUCT_NAME = "$(TARGET_NAME)";
				SWIFT_EMIT_LOC_STRINGS = NO;
				SWIFT_VERSION = 5.0;
				TARGETED_DEVICE_FAMILY = "1,2";
				TEST_HOST = "$(BUILT_PRODUCTS_DIR)/swift-practice.app/swift-practice";
			};
			name = Release;
		};
		FCB129B228CB349700687C34 /* Debug */ = {
			isa = XCBuildConfiguration;
			buildSettings = {
				ALWAYS_EMBED_SWIFT_STANDARD_LIBRARIES = YES;
				CODE_SIGN_STYLE = Automatic;
				CURRENT_PROJECT_VERSION = 1;
				DEVELOPMENT_TEAM = 4FXHSZT3GL;
				GENERATE_INFOPLIST_FILE = YES;
				MARKETING_VERSION = 1.0;
				PRODUCT_BUNDLE_IDENTIFIER = "com.keyboard3.swift-practiceUITests";
				PRODUCT_NAME = "$(TARGET_NAME)";
				SWIFT_EMIT_LOC_STRINGS = NO;
				SWIFT_VERSION = 5.0;
				TARGETED_DEVICE_FAMILY = "1,2";
				TEST_TARGET_NAME = "swift-practice";
			};
			name = Debug;
		};
		FCB129B328CB349700687C34 /* Release */ = {
			isa = XCBuildConfiguration;
			buildSettings = {
				ALWAYS_EMBED_SWIFT_STANDARD_LIBRARIES = YES;
				CODE_SIGN_STYLE = Automatic;
				CURRENT_PROJECT_VERSION = 1;
				DEVELOPMENT_TEAM = 4FXHSZT3GL;
				GENERATE_INFOPLIST_FILE = YES;
				MARKETING_VERSION = 1.0;
				PRODUCT_BUNDLE_IDENTIFIER = "com.keyboard3.swift-practiceUITests";
				PRODUCT_NAME = "$(TARGET_NAME)";
				SWIFT_EMIT_LOC_STRINGS = NO;
				SWIFT_VERSION = 5.0;
				TARGETED_DEVICE_FAMILY = "1,2";
				TEST_TARGET_NAME = "swift-practice";
			};
			name = Release;
		};
/* End XCBuildConfiguration section */

/* Begin XCConfigurationList section */
		FCB1298228CB349200687C34 /* Build configuration list for PBXProject "swift-practice" */ = {
			isa = XCConfigurationList;
			buildConfigurations = (
				FCB129A928CB349700687C34 /* Debug */,
				FCB129AA28CB349700687C34 /* Release */,
			);
			defaultConfigurationIsVisible = 0;
			defaultConfigurationName = Release;
		};
		FCB129AB28CB349700687C34 /* Build configuration list for PBXNativeTarget "swift-practice" */ = {
			isa = XCConfigurationList;
			buildConfigurations = (
				FCB129AC28CB349700687C34 /* Debug */,
				FCB129AD28CB349700687C34 /* Release */,
			);
			defaultConfigurationIsVisible = 0;
			defaultConfigurationName = Release;
		};
		FCB129AE28CB349700687C34 /* Build configuration list for PBXNativeTarget "swift-practiceTests" */ = {
			isa = XCConfigurationList;
			buildConfigurations = (
				FCB129AF28CB349700687C34 /* Debug */,
				FCB129B028CB349700687C34 /* Release */,
			);
			defaultConfigurationIsVisible = 0;
			defaultConfigurationName = Release;
		};
		FCB129B128CB349700687C34 /* Build configuration list for PBXNativeTarget "swift-practiceUITests" */ = {
			isa = XCConfigurationList;
			buildConfigurations = (
				FCB129B228CB349700687C34 /* Debug */,
				FCB129B328CB349700687C34 /* Release */,
			);
			defaultConfigurationIsVisible = 0;
			defaultConfigurationName = Release;
		};
/* End XCConfigurationList section */
	};
	rootObject = FCB1297F28CB349200687C34 /* Project object */;
}
